
Microsoft Visual Studio Solution File, Format Version 12.00
# Visual Studio 15
VisualStudioVersion = 15.0.26430.6
MinimumVisualStudioVersion = 15.0.26124.0
Project("{2150E333-8FDC-42A3-9474-1A3956D46DE8}") = "src", "src", "{3C8DBC04-9615-4518-A5F5-B67F9F5A01F6}"
EndProject
Project("{FAE04EC0-301F-11D3-BF4B-00C04F79EFBC}") = "boinklib", "src\boinklib\boinklib.csproj", "{E95AC609-3BED-454C-A033-DBFCCF6349F4}"
EndProject
Project("{FAE04EC0-301F-11D3-BF4B-00C04F79EFBC}") = "boinkmain", "src\boinkmain\boinkmain.csproj", "{32950BF8-6C72-49A8-945A-503F8A3B4544}"
EndProject
Project("{FAE04EC0-301F-11D3-BF4B-00C04F79EFBC}") = "boinktest", "src\boinktest\boinktest.csproj", "{65402699-172D-4217-BDA8-06CBFF6292DA}"
EndProject
Global
	GlobalSection(SolutionConfigurationPlatforms) = preSolution
		Debug|Any CPU = Debug|Any CPU
		Debug|x64 = Debug|x64
		Debug|x86 = Debug|x86
		Release|Any CPU = Release|Any CPU
		Release|x64 = Release|x64
		Release|x86 = Release|x86
	EndGlobalSection
	GlobalSection(ProjectConfigurationPlatforms) = postSolution
		{E95AC609-3BED-454C-A033-DBFCCF6349F4}.Debug|Any CPU.ActiveCfg = Debug|Any CPU
		{E95AC609-3BED-454C-A033-DBFCCF6349F4}.Debug|Any CPU.Build.0 = Debug|Any CPU
		{E95AC609-3BED-454C-A033-DBFCCF6349F4}.Debug|x64.ActiveCfg = Debug|Any CPU
		{E95AC609-3BED-454C-A033-DBFCCF6349F4}.Debug|x64.Build.0 = Debug|Any CPU
		{E95AC609-3BED-454C-A033-DBFCCF6349F4}.Debug|x86.ActiveCfg = Debug|Any CPU
		{E95AC609-3BED-454C-A033-DBFCCF6349F4}.Debug|x86.Build.0 = Debug|Any CPU
		{E95AC609-3BED-454C-A033-DBFCCF6349F4}.Release|Any CPU.ActiveCfg = Release|Any CPU
		{E95AC609-3BED-454C-A033-DBFCCF6349F4}.Release|Any CPU.Build.0 = Release|Any CPU
		{E95AC609-3BED-454C-A033-DBFCCF6349F4}.Release|x64.ActiveCfg = Release|Any CPU
		{E95AC609-3BED-454C-A033-DBFCCF6349F4}.Release|x64.Build.0 = Release|Any CPU
		{E95AC609-3BED-454C-A033-DBFCCF6349F4}.Release|x86.ActiveCfg = Release|Any CPU
		{E95AC609-3BED-454C-A033-DBFCCF6349F4}.Release|x86.Build.0 = Release|Any CPU
		{32950BF8-6C72-49A8-945A-503F8A3B4544}.Debug|Any CPU.ActiveCfg = Debug|Any CPU
		{32950BF8-6C72-49A8-945A-503F8A3B4544}.Debug|Any CPU.Build.0 = Debug|Any CPU
		{32950BF8-6C72-49A8-945A-503F8A3B4544}.Debug|x64.ActiveCfg = Debug|Any CPU
		{32950BF8-6C72-49A8-945A-503F8A3B4544}.Debug|x64.Build.0 = Debug|Any CPU
		{32950BF8-6C72-49A8-945A-503F8A3B4544}.Debug|x86.ActiveCfg = Debug|Any CPU
		{32950BF8-6C72-49A8-945A-503F8A3B4544}.Debug|x86.Build.0 = Debug|Any CPU
		{32950BF8-6C72-49A8-945A-503F8A3B4544}.Release|Any CPU.ActiveCfg = Release|Any CPU
		{32950BF8-6C72-49A8-945A-503F8A3B4544}.Release|Any CPU.Build.0 = Release|Any CPU
		{32950BF8-6C72-49A8-945A-503F8A3B4544}.Release|x64.ActiveCfg = Release|Any CPU
		{32950BF8-6C72-49A8-945A-503F8A3B4544}.Release|x64.Build.0 = Release|Any CPU
		{32950BF8-6C72-49A8-945A-503F8A3B4544}.Release|x86.ActiveCfg = Release|Any CPU
		{32950BF8-6C72-49A8-945A-503F8A3B4544}.Release|x86.Build.0 = Release|Any CPU
		{65402699-172D-4217-BDA8-06CBFF6292DA}.Debug|Any CPU.ActiveCfg = Debug|Any CPU
		{65402699-172D-4217-BDA8-06CBFF6292DA}.Debug|Any CPU.Build.0 = Debug|Any CPU
		{65402699-172D-4217-BDA8-06CBFF6292DA}.Debug|x64.ActiveCfg = Debug|Any CPU
		{65402699-172D-4217-BDA8-06CBFF6292DA}.Debug|x64.Build.0 = Debug|Any CPU
		{65402699-172D-4217-BDA8-06CBFF6292DA}.Debug|x86.ActiveCfg = Debug|Any CPU
		{65402699-172D-4217-BDA8-06CBFF6292DA}.Debug|x86.Build.0 = Debug|Any CPU
		{65402699-172D-4217-BDA8-06CBFF6292DA}.Release|Any CPU.ActiveCfg = Release|Any CPU
		{65402699-172D-4217-BDA8-06CBFF6292DA}.Release|Any CPU.Build.0 = Release|Any CPU
		{65402699-172D-4217-BDA8-06CBFF6292DA}.Release|x64.ActiveCfg = Release|Any CPU
		{65402699-172D-4217-BDA8-06CBFF6292DA}.Release|x64.Build.0 = Release|Any CPU
		{65402699-172D-4217-BDA8-06CBFF6292DA}.Release|x86.ActiveCfg = Release|Any CPU
		{65402699-172D-4217-BDA8-06CBFF6292DA}.Release|x86.Build.0 = Release|Any CPU
	EndGlobalSection
	GlobalSection(SolutionProperties) = preSolution
		HideSolutionNode = FALSE
	EndGlobalSection
	GlobalSection(NestedProjects) = preSolution
		{E95AC609-3BED-454C-A033-DBFCCF6349F4} = {3C8DBC04-9615-4518-A5F5-B67F9F5A01F6}
		{32950BF8-6C72-49A8-945A-503F8A3B4544} = {3C8DBC04-9615-4518-A5F5-B67F9F5A01F6}
		{65402699-172D-4217-BDA8-06CBFF6292DA} = {3C8DBC04-9615-4518-A5F5-B67F9F5A01F6}
	EndGlobalSection
EndGlobal
